
Microsoft Visual Studio Solution File, Format Version 11.00
# Visual Studio 2010
Project("{8BC9CEB8-8B4A-11D0-8D11-00A0C91BC942}") = "MatrixClient", "MatrixClient\MatrixClient.vcxproj", "{536C4A3F-4E4D-4E8A-82DA-38DC8376A06C}"
EndProject
Project("{8BC9CEB8-8B4A-11D0-8D11-00A0C91BC942}") = "MatrixLib", "MatrixLib\MatrixLib.vcxproj", "{06F0428F-E491-4353-832E-AAB81922B01C}"
EndProject
Global
	GlobalSection(SolutionConfigurationPlatforms) = preSolution
		Debug|Win32 = Debug|Win32
		Release|Win32 = Release|Win32
	EndGlobalSection
	GlobalSection(ProjectConfigurationPlatforms) = postSolution
		{536C4A3F-4E4D-4E8A-82DA-38DC8376A06C}.Debug|Win32.ActiveCfg = Debug|Win32
		{536C4A3F-4E4D-4E8A-82DA-38DC8376A06C}.Debug|Win32.Build.0 = Debug|Win32
		{536C4A3F-4E4D-4E8A-82DA-38DC8376A06C}.Release|Win32.ActiveCfg = Release|Win32
		{536C4A3F-4E4D-4E8A-82DA-38DC8376A06C}.Release|Win32.Build.0 = Release|Win32
		{06F0428F-E491-4353-832E-AAB81922B01C}.Debug|Win32.ActiveCfg = Debug|Win32
		{06F0428F-E491-4353-832E-AAB81922B01C}.Debug|Win32.Build.0 = Debug|Win32
		{06F0428F-E491-4353-832E-AAB81922B01C}.Release|Win32.ActiveCfg = Release|Win32
		{06F0428F-E491-4353-832E-AAB81922B01C}.Release|Win32.Build.0 = Release|Win32
	EndGlobalSection
	GlobalSection(SolutionProperties) = preSolution
		HideSolutionNode = FALSE
	EndGlobalSection
EndGlobal
